
Microsoft Visual Studio Solution File, Format Version 12.00
# Visual Studio Version 16
VisualStudioVersion = 16.0.29613.14
MinimumVisualStudioVersion = 10.0.40219.1
Project("{FAE04EC0-301F-11D3-BF4B-00C04F79EFBC}") = "CalculatorProjectLPB", "CalculatorProjectLPB.csproj", "{24965F67-E90D-4663-B640-1DAD31CB4B3A}"
EndProject
Global
	GlobalSection(SolutionConfigurationPlatforms) = preSolution
		Debug|Any CPU = Debug|Any CPU
		Release|Any CPU = Release|Any CPU
	EndGlobalSection
	GlobalSection(ProjectConfigurationPlatforms) = postSolution
		{24965F67-E90D-4663-B640-1DAD31CB4B3A}.Debug|Any CPU.ActiveCfg = Debug|Any CPU
		{24965F67-E90D-4663-B640-1DAD31CB4B3A}.Debug|Any CPU.Build.0 = Debug|Any CPU
		{24965F67-E90D-4663-B640-1DAD31CB4B3A}.Release|Any CPU.ActiveCfg = Release|Any CPU
		{24965F67-E90D-4663-B640-1DAD31CB4B3A}.Release|Any CPU.Build.0 = Release|Any CPU
	EndGlobalSection
	GlobalSection(SolutionProperties) = preSolution
		HideSolutionNode = FALSE
	EndGlobalSection
	GlobalSection(ExtensibilityGlobals) = postSolution
		SolutionGuid = {677E58B4-10B2-449F-B8B5-1BD54E3AADD0}
	EndGlobalSection
EndGlobal
